
Microsoft Visual Studio Solution File, Format Version 12.00
# Visual Studio Version 17
VisualStudioVersion = 17.14.36414.22 d17.14
MinimumVisualStudioVersion = 10.0.40219.1
Project("{FAE04EC0-301F-11D3-BF4B-00C04F79EFBC}") = "HM_Customer", "HM_Customer.csproj", "{CF15138C-3A31-4A05-9DC7-9B6305C19ED7}"
EndProject
Global
	GlobalSection(SolutionConfigurationPlatforms) = preSolution
		Debug|Any CPU = Debug|Any CPU
		Release|Any CPU = Release|Any CPU
	EndGlobalSection
	GlobalSection(ProjectConfigurationPlatforms) = postSolution
		{CF15138C-3A31-4A05-9DC7-9B6305C19ED7}.Debug|Any CPU.ActiveCfg = Debug|Any CPU
		{CF15138C-3A31-4A05-9DC7-9B6305C19ED7}.Debug|Any CPU.Build.0 = Debug|Any CPU
		{CF15138C-3A31-4A05-9DC7-9B6305C19ED7}.Release|Any CPU.ActiveCfg = Release|Any CPU
		{CF15138C-3A31-4A05-9DC7-9B6305C19ED7}.Release|Any CPU.Build.0 = Release|Any CPU
	EndGlobalSection
	GlobalSection(SolutionProperties) = preSolution
		HideSolutionNode = FALSE
	EndGlobalSection
	GlobalSection(ExtensibilityGlobals) = postSolution
		SolutionGuid = {B29F196A-D89D-4E28-BF5A-E6493F8CD360}
	EndGlobalSection
EndGlobal
